
Microsoft Visual Studio Solution File, Format Version 12.00
# Visual Studio Version 17
VisualStudioVersion = 17.5.002.0
MinimumVisualStudioVersion = 10.0.40219.1
Project("{9A19103F-16F7-4668-BE54-9A1E7A4F7556}") = "AntlrCSharp", "AntlrCSharp\AntlrCSharp.csproj", "{AC4C3AF6-0151-424D-AAF5-8A30FF24D93E}"
EndProject
Project("{9A19103F-16F7-4668-BE54-9A1E7A4F7556}") = "AntlrCSharpTests", "AntlrCSharpTests\AntlrCSharpTests.csproj", "{DC1912D7-1D65-4C72-951B-10428E799EBA}"
EndProject
Global
	GlobalSection(SolutionConfigurationPlatforms) = preSolution
		Debug|Any CPU = Debug|Any CPU
		Release|Any CPU = Release|Any CPU
	EndGlobalSection
	GlobalSection(ProjectConfigurationPlatforms) = postSolution
		{AC4C3AF6-0151-424D-AAF5-8A30FF24D93E}.Debug|Any CPU.ActiveCfg = Debug|Any CPU
		{AC4C3AF6-0151-424D-AAF5-8A30FF24D93E}.Debug|Any CPU.Build.0 = Debug|Any CPU
		{AC4C3AF6-0151-424D-AAF5-8A30FF24D93E}.Release|Any CPU.ActiveCfg = Release|Any CPU
		{AC4C3AF6-0151-424D-AAF5-8A30FF24D93E}.Release|Any CPU.Build.0 = Release|Any CPU
		{DC1912D7-1D65-4C72-951B-10428E799EBA}.Debug|Any CPU.ActiveCfg = Debug|Any CPU
		{DC1912D7-1D65-4C72-951B-10428E799EBA}.Debug|Any CPU.Build.0 = Debug|Any CPU
		{DC1912D7-1D65-4C72-951B-10428E799EBA}.Release|Any CPU.ActiveCfg = Release|Any CPU
		{DC1912D7-1D65-4C72-951B-10428E799EBA}.Release|Any CPU.Build.0 = Release|Any CPU
	EndGlobalSection
	GlobalSection(SolutionProperties) = preSolution
		HideSolutionNode = FALSE
	EndGlobalSection
	GlobalSection(ExtensibilityGlobals) = postSolution
		SolutionGuid = {6D6BF2B6-88AA-483D-AB4A-D532DCA18F21}
	EndGlobalSection
EndGlobal
