
Microsoft Visual Studio Solution File, Format Version 12.00
# Visual Studio Version 17
VisualStudioVersion = 17.0.31903.59
MinimumVisualStudioVersion = 10.0.40219.1
Project("{FAE04EC0-301F-11D3-BF4B-00C04F79EFBC}") = "NumberSpeak", "NumberSpeak\NumberSpeak.csproj", "{CEAFB099-4779-4AE4-8113-2DE73A5ED662}"
EndProject
Project("{FAE04EC0-301F-11D3-BF4B-00C04F79EFBC}") = "AntlrCSharp", "AntlrCSharp\AntlrCSharp.csproj", "{F97A54B1-AE5F-49DE-B928-AAB856390B30}"
EndProject
Project("{FAE04EC0-301F-11D3-BF4B-00C04F79EFBC}") = "AntlrCSharpTests", "AntlrCSharpTests\AntlrCSharpTests.csproj", "{148B0517-4F13-464D-8A0A-A62844CB3140}"
EndProject
Global
	GlobalSection(SolutionConfigurationPlatforms) = preSolution
		Debug|Any CPU = Debug|Any CPU
		Release|Any CPU = Release|Any CPU
	EndGlobalSection
	GlobalSection(SolutionProperties) = preSolution
		HideSolutionNode = FALSE
	EndGlobalSection
	GlobalSection(ProjectConfigurationPlatforms) = postSolution
		{CEAFB099-4779-4AE4-8113-2DE73A5ED662}.Debug|Any CPU.ActiveCfg = Debug|Any CPU
		{CEAFB099-4779-4AE4-8113-2DE73A5ED662}.Debug|Any CPU.Build.0 = Debug|Any CPU
		{CEAFB099-4779-4AE4-8113-2DE73A5ED662}.Release|Any CPU.ActiveCfg = Release|Any CPU
		{CEAFB099-4779-4AE4-8113-2DE73A5ED662}.Release|Any CPU.Build.0 = Release|Any CPU
		{F97A54B1-AE5F-49DE-B928-AAB856390B30}.Debug|Any CPU.ActiveCfg = Debug|Any CPU
		{F97A54B1-AE5F-49DE-B928-AAB856390B30}.Debug|Any CPU.Build.0 = Debug|Any CPU
		{F97A54B1-AE5F-49DE-B928-AAB856390B30}.Release|Any CPU.ActiveCfg = Release|Any CPU
		{F97A54B1-AE5F-49DE-B928-AAB856390B30}.Release|Any CPU.Build.0 = Release|Any CPU
		{148B0517-4F13-464D-8A0A-A62844CB3140}.Debug|Any CPU.ActiveCfg = Debug|Any CPU
		{148B0517-4F13-464D-8A0A-A62844CB3140}.Debug|Any CPU.Build.0 = Debug|Any CPU
		{148B0517-4F13-464D-8A0A-A62844CB3140}.Release|Any CPU.ActiveCfg = Release|Any CPU
		{148B0517-4F13-464D-8A0A-A62844CB3140}.Release|Any CPU.Build.0 = Release|Any CPU
	EndGlobalSection
EndGlobal
